
Microsoft Visual Studio Solution File, Format Version 12.00
# Visual Studio Version 16
VisualStudioVersion = 16.0.29123.88
MinimumVisualStudioVersion = 10.0.40219.1
Project("{FAE04EC0-301F-11D3-BF4B-00C04F79EFBC}") = "Vic.SportsStore.WebApp", "Vic.SportsStore.WebApp\Vic.SportsStore.WebApp.csproj", "{6B541B9E-24EF-43D5-A93C-CE3559EDA058}"
EndProject
Project("{FAE04EC0-301F-11D3-BF4B-00C04F79EFBC}") = "Vic.SportsStore.Domain", "Vic.SportsStore.Domain\Vic.SportsStore.Domain.csproj", "{1BD92E3B-D3E7-47A4-B9F1-44094F647C09}"
EndProject
Project("{FAE04EC0-301F-11D3-BF4B-00C04F79EFBC}") = "Vic.SportsStore.UnitTests", "Vic.SportsStore.UnitTests\Vic.SportsStore.UnitTests.csproj", "{C647273B-CFDA-433A-8274-F97CE260F4C0}"
EndProject
Project("{FAE04EC0-301F-11D3-BF4B-00C04F79EFBC}") = "Vic.SportsStore.DebugConsole", "Vic.SportsStore.DebugConsole\Vic.SportsStore.DebugConsole.csproj", "{F421E308-4BD7-4BCA-80E8-DC795CBF6246}"
EndProject
Global
	GlobalSection(SolutionConfigurationPlatforms) = preSolution
		Debug|Any CPU = Debug|Any CPU
		Release|Any CPU = Release|Any CPU
	EndGlobalSection
	GlobalSection(ProjectConfigurationPlatforms) = postSolution
		{6B541B9E-24EF-43D5-A93C-CE3559EDA058}.Debug|Any CPU.ActiveCfg = Debug|Any CPU
		{6B541B9E-24EF-43D5-A93C-CE3559EDA058}.Debug|Any CPU.Build.0 = Debug|Any CPU
		{6B541B9E-24EF-43D5-A93C-CE3559EDA058}.Release|Any CPU.ActiveCfg = Release|Any CPU
		{6B541B9E-24EF-43D5-A93C-CE3559EDA058}.Release|Any CPU.Build.0 = Release|Any CPU
		{1BD92E3B-D3E7-47A4-B9F1-44094F647C09}.Debug|Any CPU.ActiveCfg = Debug|Any CPU
		{1BD92E3B-D3E7-47A4-B9F1-44094F647C09}.Debug|Any CPU.Build.0 = Debug|Any CPU
		{1BD92E3B-D3E7-47A4-B9F1-44094F647C09}.Release|Any CPU.ActiveCfg = Release|Any CPU
		{1BD92E3B-D3E7-47A4-B9F1-44094F647C09}.Release|Any CPU.Build.0 = Release|Any CPU
		{C647273B-CFDA-433A-8274-F97CE260F4C0}.Debug|Any CPU.ActiveCfg = Debug|Any CPU
		{C647273B-CFDA-433A-8274-F97CE260F4C0}.Debug|Any CPU.Build.0 = Debug|Any CPU
		{C647273B-CFDA-433A-8274-F97CE260F4C0}.Release|Any CPU.ActiveCfg = Release|Any CPU
		{C647273B-CFDA-433A-8274-F97CE260F4C0}.Release|Any CPU.Build.0 = Release|Any CPU
		{F421E308-4BD7-4BCA-80E8-DC795CBF6246}.Debug|Any CPU.ActiveCfg = Debug|Any CPU
		{F421E308-4BD7-4BCA-80E8-DC795CBF6246}.Debug|Any CPU.Build.0 = Debug|Any CPU
		{F421E308-4BD7-4BCA-80E8-DC795CBF6246}.Release|Any CPU.ActiveCfg = Release|Any CPU
		{F421E308-4BD7-4BCA-80E8-DC795CBF6246}.Release|Any CPU.Build.0 = Release|Any CPU
	EndGlobalSection
	GlobalSection(SolutionProperties) = preSolution
		HideSolutionNode = FALSE
	EndGlobalSection
	GlobalSection(ExtensibilityGlobals) = postSolution
		SolutionGuid = {EFE12328-9339-4CCC-880F-EEB0E2C0B3FC}
	EndGlobalSection
EndGlobal
